github.com/linuxboot/fiano v1.0.0 h1:dL880uwfWVqBsxRDT2PoKOjCxazMahK5u9tkGI9ztJs=
github.com/linuxboot/fiano v5.0.0+incompatible h1:DZAZO0z9l35cakTNnkdh+yWRZfzCCJnDHmPAYW/t0No=
github.com/linuxboot/fiano v5.0.0+incompatible/go.mod h1:IPKmAwYdbidivI8+nWCBO97QkdsiF8OThAHowU8Tvdk=
github.com/linuxboot/fiano v6.0.0-rc+incompatible h1:3CZ4ne6PVhVAUMnRgTGf33DMvhIty9zbrE5dJ50TgqQ=
github.com/linuxboot/fiano v6.0.0-rc+incompatible/go.mod h1:IPKmAwYdbidivI8+nWCBO97QkdsiF8OThAHowU8Tvdk=
github.com/spf13/pflag v1.0.5 h1:iy+VFUOCP1a+8yFto/drg2CJ5u0yRoB7fZw3DKv/JXA=
github.com/spf13/pflag v1.0.5/go.mod h1:McXfInJRrz4CZXVZOBLb0bTZqETkiAhM9Iw0y3An2Bg=
